
Microsoft Visual Studio Solution File, Format Version 12.00
# Visual Studio Version 17
VisualStudioVersion = 17.5.2.0
MinimumVisualStudioVersion = 10.0.40219.1
Project("{FAE04EC0-301F-11D3-BF4B-00C04F79EFBC}") = "JsonUI-blazor", "JsonUI-blazor.csproj", "{52590715-9411-E60E-024B-98BCA9896A39}"
EndProject
Project("{FAE04EC0-301F-11D3-BF4B-00C04F79EFBC}") = "JsonUI-blazor.Client", "JsonUI-blazor.Client\JsonUI-blazor.Client.csproj", "{C3769B7E-17A2-4C31-8D5F-FAA0F11B77B2}"
EndProject
Global
	GlobalSection(SolutionConfigurationPlatforms) = preSolution
		Debug|Any CPU = Debug|Any CPU
		Debug|x64 = Debug|x64
		Debug|x86 = Debug|x86
		Release|Any CPU = Release|Any CPU
		Release|x64 = Release|x64
		Release|x86 = Release|x86
	EndGlobalSection
	GlobalSection(ProjectConfigurationPlatforms) = postSolution
		{52590715-9411-E60E-024B-98BCA9896A39}.Debug|Any CPU.ActiveCfg = Debug|Any CPU
		{52590715-9411-E60E-024B-98BCA9896A39}.Debug|Any CPU.Build.0 = Debug|Any CPU
		{52590715-9411-E60E-024B-98BCA9896A39}.Debug|x64.ActiveCfg = Debug|Any CPU
		{52590715-9411-E60E-024B-98BCA9896A39}.Debug|x64.Build.0 = Debug|Any CPU
		{52590715-9411-E60E-024B-98BCA9896A39}.Debug|x86.ActiveCfg = Debug|Any CPU
		{52590715-9411-E60E-024B-98BCA9896A39}.Debug|x86.Build.0 = Debug|Any CPU
		{52590715-9411-E60E-024B-98BCA9896A39}.Release|Any CPU.ActiveCfg = Release|Any CPU
		{52590715-9411-E60E-024B-98BCA9896A39}.Release|Any CPU.Build.0 = Release|Any CPU
		{52590715-9411-E60E-024B-98BCA9896A39}.Release|x64.ActiveCfg = Release|Any CPU
		{52590715-9411-E60E-024B-98BCA9896A39}.Release|x64.Build.0 = Release|Any CPU
		{52590715-9411-E60E-024B-98BCA9896A39}.Release|x86.ActiveCfg = Release|Any CPU
		{52590715-9411-E60E-024B-98BCA9896A39}.Release|x86.Build.0 = Release|Any CPU
		{C3769B7E-17A2-4C31-8D5F-FAA0F11B77B2}.Debug|Any CPU.ActiveCfg = Debug|Any CPU
		{C3769B7E-17A2-4C31-8D5F-FAA0F11B77B2}.Debug|Any CPU.Build.0 = Debug|Any CPU
		{C3769B7E-17A2-4C31-8D5F-FAA0F11B77B2}.Debug|x64.ActiveCfg = Debug|Any CPU
		{C3769B7E-17A2-4C31-8D5F-FAA0F11B77B2}.Debug|x64.Build.0 = Debug|Any CPU
		{C3769B7E-17A2-4C31-8D5F-FAA0F11B77B2}.Debug|x86.ActiveCfg = Debug|Any CPU
		{C3769B7E-17A2-4C31-8D5F-FAA0F11B77B2}.Debug|x86.Build.0 = Debug|Any CPU
		{C3769B7E-17A2-4C31-8D5F-FAA0F11B77B2}.Release|Any CPU.ActiveCfg = Release|Any CPU
		{C3769B7E-17A2-4C31-8D5F-FAA0F11B77B2}.Release|Any CPU.Build.0 = Release|Any CPU
		{C3769B7E-17A2-4C31-8D5F-FAA0F11B77B2}.Release|x64.ActiveCfg = Release|Any CPU
		{C3769B7E-17A2-4C31-8D5F-FAA0F11B77B2}.Release|x64.Build.0 = Release|Any CPU
		{C3769B7E-17A2-4C31-8D5F-FAA0F11B77B2}.Release|x86.ActiveCfg = Release|Any CPU
		{C3769B7E-17A2-4C31-8D5F-FAA0F11B77B2}.Release|x86.Build.0 = Release|Any CPU
	EndGlobalSection
	GlobalSection(SolutionProperties) = preSolution
		HideSolutionNode = FALSE
	EndGlobalSection
	GlobalSection(ExtensibilityGlobals) = postSolution
		SolutionGuid = {284747FE-4F07-4DF5-B61A-59407B2A2E57}
	EndGlobalSection
EndGlobal
